<?xml version="1.0" encoding="utf-8"?>
<Project ToolsVersion="4.0" xmlns="http://schemas.microsoft.com/developer/msbuild/2003">
  <ItemGroup>
    <ClCompile Include="src\ofApp.cpp">
      <Filter>src</Filter>
    </ClCompile>
    <ClCompile Include="src\main.cpp">
      <Filter>src</Filter>
    </ClCompile>
    <ClCompile Include="..\libs\jsoncpp\src\jsoncpp.cpp">
      <Filter>addons\ofxCurl\libs\jsoncpp</Filter>
    </ClCompile>
    <ClCompile Include="..\src\HttpClient.cpp">
      <Filter>addons\ofxCurl\src</Filter>
    </ClCompile>
  </ItemGroup>
  <ItemGroup>
    <Filter Include="src">
      <UniqueIdentifier>{d8376475-7454-4a24-b08a-aac121d3ad6f}</UniqueIdentifier>
    </Filter>
    <Filter Include="addons">
      <UniqueIdentifier>{71834F65-F3A9-211E-73B8-DC85}</UniqueIdentifier>
    </Filter>
    <Filter Include="addons\ofxCurl">
      <UniqueIdentifier>{3EF73AB5-791A-1182-1A8C-AB56}</UniqueIdentifier>
    </Filter>
    <Filter Include="addons\ofxCurl\src">
      <UniqueIdentifier>{67AE2F26-A86D-D3B9-A8F2-4C22}</UniqueIdentifier>
    </Filter>
    <Filter Include="addons\ofxCurl\libs">
      <UniqueIdentifier>{61A72C37-FFF0-D2CD-497D-F673}</UniqueIdentifier>
    </Filter>
    <Filter Include="addons\ofxCurl\libs\libcurl">
      <UniqueIdentifier>{19B5939A-5CD2-0EEB-3DAC-576B}</UniqueIdentifier>
    </Filter>
    <Filter Include="addons\ofxCurl\libs\libcurl\include">
      <UniqueIdentifier>{3974BB99-9179-AA78-ECA5-91C2}</UniqueIdentifier>
    </Filter>
    <Filter Include="addons\ofxCurl\libs\libcurl\include\curl">
      <UniqueIdentifier>{3EE0F81E-8727-C3E0-9861-C179}</UniqueIdentifier>
    </Filter>
    <Filter Include="addons\ofxCurl\libs\jsoncpp">
      <UniqueIdentifier>{ccfd8778-42e5-4637-bbb1-6ffb7a7a12e3}</UniqueIdentifier>
    </Filter>
  </ItemGroup>
  <ItemGroup>
    <ClInclude Include="src\ofApp.h">
      <Filter>src</Filter>
    </ClInclude>
    <ClInclude Include="..\..\..\addons\ofxCurl\libs\libcurl\include\curl\curl.h">
      <Filter>addons\ofxCurl\libs\libcurl\include\curl</Filter>
    </ClInclude>
    <ClInclude Include="..\..\..\addons\ofxCurl\libs\libcurl\include\curl\curlbuild.h">
      <Filter>addons\ofxCurl\libs\libcurl\include\curl</Filter>
    </ClInclude>
    <ClInclude Include="..\..\..\addons\ofxCurl\libs\libcurl\include\curl\curlrules.h">
      <Filter>addons\ofxCurl\libs\libcurl\include\curl</Filter>
    </ClInclude>
    <ClInclude Include="..\..\..\addons\ofxCurl\libs\libcurl\include\curl\curlver.h">
      <Filter>addons\ofxCurl\libs\libcurl\include\curl</Filter>
    </ClInclude>
    <ClInclude Include="..\..\..\addons\ofxCurl\libs\libcurl\include\curl\easy.h">
      <Filter>addons\ofxCurl\libs\libcurl\include\curl</Filter>
    </ClInclude>
    <ClInclude Include="..\..\..\addons\ofxCurl\libs\libcurl\include\curl\mprintf.h">
      <Filter>addons\ofxCurl\libs\libcurl\include\curl</Filter>
    </ClInclude>
    <ClInclude Include="..\..\..\addons\ofxCurl\libs\libcurl\include\curl\multi.h">
      <Filter>addons\ofxCurl\libs\libcurl\include\curl</Filter>
    </ClInclude>
    <ClInclude Include="..\..\..\addons\ofxCurl\libs\libcurl\include\curl\stdcheaders.h">
      <Filter>addons\ofxCurl\libs\libcurl\include\curl</Filter>
    </ClInclude>
    <ClInclude Include="..\..\..\addons\ofxCurl\libs\libcurl\include\curl\typecheck-gcc.h">
      <Filter>addons\ofxCurl\libs\libcurl\include\curl</Filter>
    </ClInclude>
    <ClInclude Include="..\libs\jsoncpp\include\jsoncpp\json.h">
      <Filter>addons\ofxCurl\libs\jsoncpp</Filter>
    </ClInclude>
    <ClInclude Include="..\libs\jsoncpp\include\jsoncpp\json-forwards.h">
      <Filter>addons\ofxCurl\libs\jsoncpp</Filter>
    </ClInclude>
    <ClInclude Include="..\src\HttpClient.h">
      <Filter>addons\ofxCurl\src</Filter>
    </ClInclude>
  </ItemGroup>
  <ItemGroup>
    <ResourceCompile Include="icon.rc" />
  </ItemGroup>
</Project>